
Microsoft Visual Studio Solution File, Format Version 12.00
# Visual Studio Version 17
VisualStudioVersion = 17.4.33213.308
MinimumVisualStudioVersion = 10.0.40219.1
Project("{9A19103F-16F7-4668-BE54-9A1E7A4F7556}") = "NZWalksAPI", "NZWalksAPI\NZWalksAPI.csproj", "{47F92C06-862D-4A77-88D6-6876E5B2DDFE}"
EndProject
Project("{FAE04EC0-301F-11D3-BF4B-00C04F79EFBC}") = "NZWalks.UI", "NZWalks.UI\NZWalks.UI.csproj", "{F4AA2681-8FF3-40C9-B8B4-DF52C53A1E9F}"
EndProject
Global
	GlobalSection(SolutionConfigurationPlatforms) = preSolution
		Debug|Any CPU = Debug|Any CPU
		Release|Any CPU = Release|Any CPU
	EndGlobalSection
	GlobalSection(ProjectConfigurationPlatforms) = postSolution
		{47F92C06-862D-4A77-88D6-6876E5B2DDFE}.Debug|Any CPU.ActiveCfg = Debug|Any CPU
		{47F92C06-862D-4A77-88D6-6876E5B2DDFE}.Debug|Any CPU.Build.0 = Debug|Any CPU
		{47F92C06-862D-4A77-88D6-6876E5B2DDFE}.Release|Any CPU.ActiveCfg = Release|Any CPU
		{47F92C06-862D-4A77-88D6-6876E5B2DDFE}.Release|Any CPU.Build.0 = Release|Any CPU
		{F4AA2681-8FF3-40C9-B8B4-DF52C53A1E9F}.Debug|Any CPU.ActiveCfg = Debug|Any CPU
		{F4AA2681-8FF3-40C9-B8B4-DF52C53A1E9F}.Debug|Any CPU.Build.0 = Debug|Any CPU
		{F4AA2681-8FF3-40C9-B8B4-DF52C53A1E9F}.Release|Any CPU.ActiveCfg = Release|Any CPU
		{F4AA2681-8FF3-40C9-B8B4-DF52C53A1E9F}.Release|Any CPU.Build.0 = Release|Any CPU
	EndGlobalSection
	GlobalSection(SolutionProperties) = preSolution
		HideSolutionNode = FALSE
	EndGlobalSection
	GlobalSection(ExtensibilityGlobals) = postSolution
		SolutionGuid = {9823829F-33E5-4E5D-B082-9D24934A4FE5}
	EndGlobalSection
EndGlobal
